{
  "version": "5",
  "specifiers": {
    "jsr:@bradenmacdonald/s3-lite-client@~0.9.6": "0.9.6",
    "npm:hono@^4.12.15": "4.12.15"
  },
  "jsr": {
    "@bradenmacdonald/s3-lite-client@0.9.6": {
      "integrity": "5dac4eb9ce4d8574ce2eb21e1cff1e96b409ca3ba333913a8bbf918710dc50d9"
    }
  },
  "npm": {
    "hono@4.12.15": {
      "integrity": "sha512-qM0jDhFEaCBb4TxoW7f53Qrpv9RBiayUHo0S52JudprkhvpjIrGoU1mnnr29Fvd1U335ZFPZQY1wlkqgfGXyLg=="
    }
  },
  "workspace": {
    "dependencies": [
      "jsr:@bradenmacdonald/s3-lite-client@~0.9.6",
      "npm:hono@^4.12.15"
    ]
  }
}
